// !$*UTF8*$!
{
	archiveVersion = 1;
	classes = {
	};
	objectVersion = 77;
	objects = {

/* Begin PBXBuildFile section */
		0966CEA0DCF8FDB19129330F /* RecipeRepository.swift in Sources */ = {isa = PBXBuildFile; fileRef = 7641543CE982EB3B6CBCF479 /* RecipeRepository.swift */; };
		0B164E759648C68ACA07F021 /* TagRepository.swift in Sources */ = {isa = PBXBuildFile; fileRef = DA20DE8010E7C2363FD79494 /* TagRepository.swift */; };
		0DF8558A43F97CBE806DEA22 /* MealPlanRepository.swift in Sources */ = {isa = PBXBuildFile; fileRef = C855AA007A60E43D69C873D9 /* MealPlanRepository.swift */; };
		0E49424D88AC170582BBACAA /* SeedCoordinator.swift in Sources */ = {isa = PBXBuildFile; fileRef = 8E023718054A6B5ECD9C5950 /* SeedCoordinator.swift */; };
		117E3333817D8E9B3326167C /* ShoppingListBuilderTests.swift in Sources */ = {isa = PBXBuildFile; fileRef = 8F60899E42F60DA2999033D8 /* ShoppingListBuilderTests.swift */; };
		12C7132DD3382D4E3A17E3A5 /* IngredientNormalizer.swift in Sources */ = {isa = PBXBuildFile; fileRef = 118D2EDFC382944A3D321845 /* IngredientNormalizer.swift */; };
		12CE9B45669D014D9A2A45C3 /* RecipeListView.swift in Sources */ = {isa = PBXBuildFile; fileRef = 21974E42098F328FF8E03953 /* RecipeListView.swift */; };
		20CC57241682D4970E82DA0B /* AppLaunchView.swift in Sources */ = {isa = PBXBuildFile; fileRef = 89091CC49260194C1E57DA73 /* AppLaunchView.swift */; };
		29FE2ADDCCEDD752170F9354 /* QuantityFormatter.swift in Sources */ = {isa = PBXBuildFile; fileRef = 6C21504033F9A49FD73C2F45 /* QuantityFormatter.swift */; };
		2AC942E0507749D25566790E /* MealPlanGeneratorTests.swift in Sources */ = {isa = PBXBuildFile; fileRef = 7077221042781AE2168F2106 /* MealPlanGeneratorTests.swift */; };
		31F2D9C739D5DEED590451B6 /* Enums.swift in Sources */ = {isa = PBXBuildFile; fileRef = 84FEE2B5C5647BB26CB25535 /* Enums.swift */; };
		363D8D84B1F2F5BB0F2C5A90 /* Assets.xcassets in Resources */ = {isa = PBXBuildFile; fileRef = 3453689921E94FFA24DB8469 /* Assets.xcassets */; };
		3A7057BE23722469EF164347 /* ShoppingListDetailView.swift in Sources */ = {isa = PBXBuildFile; fileRef = 011E443F1621637255A9A560 /* ShoppingListDetailView.swift */; };
		3BF6AEA0DD3693C0823BD46A /* StatusBadge.swift in Sources */ = {isa = PBXBuildFile; fileRef = 02DD61C9FF7050CDA9EA4E3C /* StatusBadge.swift */; };
		3CAE56EF1F478842CC03E0C4 /* InventoryAdjustmentService.swift in Sources */ = {isa = PBXBuildFile; fileRef = 1AE1AFF7901E2975717AD060 /* InventoryAdjustmentService.swift */; };
		3E950C6313C472CB5E537698 /* Extensions.swift in Sources */ = {isa = PBXBuildFile; fileRef = C9C6ED29DF9EB306E94E17E0 /* Extensions.swift */; };
		418056613903E8E656664943 /* BarcodeScannerView.swift in Sources */ = {isa = PBXBuildFile; fileRef = 23448DE7D36630B95FDBC2A5 /* BarcodeScannerView.swift */; };
		466BA0A0DD8F44A956FC98C1 /* MealPlanGeneratorService.swift in Sources */ = {isa = PBXBuildFile; fileRef = 0A40015D9E05C3660EF5966D /* MealPlanGeneratorService.swift */; };
		4C64DDEAB945FC9D52B40012 /* RecipeDetailView.swift in Sources */ = {isa = PBXBuildFile; fileRef = F8BFD34D0DCB9FC72A2FDC82 /* RecipeDetailView.swift */; };
		4F42AF52ACF80F04F72802F1 /* WhatCanIMakeView.swift in Sources */ = {isa = PBXBuildFile; fileRef = 02D281D6B2368E564D127D7A /* WhatCanIMakeView.swift */; };
		52934FDD57BB34893522DC67 /* IngredientNormalizerTests.swift in Sources */ = {isa = PBXBuildFile; fileRef = 01A752D500C68EE65E8A1A3F /* IngredientNormalizerTests.swift */; };
		58878EB0FCADFCA3461FC62B /* PantryItemEditorView.swift in Sources */ = {isa = PBXBuildFile; fileRef = FC9D32040AF47F9D9901072F /* PantryItemEditorView.swift */; };
		66F46BB71E0B19B9D4524310 /* ShoppingRepository.swift in Sources */ = {isa = PBXBuildFile; fileRef = 47464D9D297D9E39017411DC /* ShoppingRepository.swift */; };
		6724F5407314A485CDDC02B2 /* MealPlanExportService.swift in Sources */ = {isa = PBXBuildFile; fileRef = 775BC39E4C0E56BA31579BA0 /* MealPlanExportService.swift */; };
		67EFB86A9B1B3EB5A7AD2072 /* RecipeImportParserTests.swift in Sources */ = {isa = PBXBuildFile; fileRef = 73B0622D7C2F318C37E39D75 /* RecipeImportParserTests.swift */; };
		6EF9BA6DA8D58D4D2F78FC69 /* SeedDataService.swift in Sources */ = {isa = PBXBuildFile; fileRef = D8427CD31D0C6539C8809E14 /* SeedDataService.swift */; };
		78D89F32741416A5C82E50AD /* RootView.swift in Sources */ = {isa = PBXBuildFile; fileRef = 69CE15F2E8F6E5FF75A867B8 /* RootView.swift */; };
		7BEF02C7D26666BB1731124D /* ShoppingListBuilderService.swift in Sources */ = {isa = PBXBuildFile; fileRef = BD6330DF1B25FB290059F912 /* ShoppingListBuilderService.swift */; };
		94647B6A80EE2B88F80A40C1 /* PantryRepository.swift in Sources */ = {isa = PBXBuildFile; fileRef = 7BA7B44A8EC4A8B7B0A1EC4B /* PantryRepository.swift */; };
		9DA33C30AE8787B98CFC2E2A /* SplashView.swift in Sources */ = {isa = PBXBuildFile; fileRef = DDFBD4DCCFA237273CACC9E5 /* SplashView.swift */; };
		A2C15DB11707462223CDB3D2 /* PhotoPickerSection.swift in Sources */ = {isa = PBXBuildFile; fileRef = 4EA4EEB933C92AFDF396D151 /* PhotoPickerSection.swift */; };
		ADA0C724FA6DF8ED79FA6E9E /* AppState.swift in Sources */ = {isa = PBXBuildFile; fileRef = A95B13FEA1EF59D2A69F1088 /* AppState.swift */; };
		AEDFAED0AF0E80DC1BBC99D7 /* PantryBackgroundView.swift in Sources */ = {isa = PBXBuildFile; fileRef = 655B15B534868BB07A27BA1B /* PantryBackgroundView.swift */; };
		B353952049000248B2C9838B /* RecipeImportView.swift in Sources */ = {isa = PBXBuildFile; fileRef = CD4E8BE73A050845F85F2ED6 /* RecipeImportView.swift */; };
		B8AFCA16F8E8971A061B160C /* SouslyUITests.swift in Sources */ = {isa = PBXBuildFile; fileRef = 409AEBBCD4B8FAE47E447A01 /* SouslyUITests.swift */; };
		BBFEF05CF6903DC3A6D8745B /* Sously.xcdatamodeld in Sources */ = {isa = PBXBuildFile; fileRef = DB5BC9B5ED747E27C064A41C /* Sously.xcdatamodeld */; };
		CFFF30EBBD2A0B0DF9A195ED /* RecipeMatchingServiceTests.swift in Sources */ = {isa = PBXBuildFile; fileRef = 3D022F68BB2CA43D3533E9D2 /* RecipeMatchingServiceTests.swift */; };
		D1E4E0D97B357DE59DBBA0B3 /* PersistenceController.swift in Sources */ = {isa = PBXBuildFile; fileRef = 88F20F618E759F997CA06A40 /* PersistenceController.swift */; };
		D550A2F39DB32B926B517DB6 /* SouslyApp.swift in Sources */ = {isa = PBXBuildFile; fileRef = 1B0A55A7AD9691CD36973B6E /* SouslyApp.swift */; };
		D656685C1A15BB742B3A4A1B /* CategoryRepository.swift in Sources */ = {isa = PBXBuildFile; fileRef = E20CE5B71636D885A50D50D5 /* CategoryRepository.swift */; };
		D98A1CA7AC3849C04B269193 /* BarcodeLookupService.swift in Sources */ = {isa = PBXBuildFile; fileRef = 08C642508B7E49BC0351BB41 /* BarcodeLookupService.swift */; };
		DD6083C2A7DE1A84739DB27C /* RecipeImportService.swift in Sources */ = {isa = PBXBuildFile; fileRef = D0BC9B94188662FA3CFD05A5 /* RecipeImportService.swift */; };
		E0FFA7B01E9631BF152421A1 /* RecipeMatchingService.swift in Sources */ = {isa = PBXBuildFile; fileRef = FEC7DAE5EB4AECE22B34DC24 /* RecipeMatchingService.swift */; };
		E122F76D3DD33F22D49C87FC /* PantryListView.swift in Sources */ = {isa = PBXBuildFile; fileRef = 720A045BA04712930FBA1D26 /* PantryListView.swift */; };
		E49BB6DA31BDD8F42F32BDA7 /* SeedDataServiceTests.swift in Sources */ = {isa = PBXBuildFile; fileRef = 793DFB382B025E6411C72A4E /* SeedDataServiceTests.swift */; };
		E8BAD9CE0ECE4D82A2482ACC /* RecipeEditorView.swift in Sources */ = {isa = PBXBuildFile; fileRef = C9A2D31BC68385E83C424DC2 /* RecipeEditorView.swift */; };
		F5CE5717D295224493068CD9 /* MealPlansView.swift in Sources */ = {isa = PBXBuildFile; fileRef = C6D8EA6DA7519B16F00C2654 /* MealPlansView.swift */; };
		F738D4F772C22365DF8FAB1C /* PantryItemDetailView.swift in Sources */ = {isa = PBXBuildFile; fileRef = B9E18FAD8CF821234EA9BA57 /* PantryItemDetailView.swift */; };
		F87FE6D51A1B80AF644AF242 /* ShoppingListsView.swift in Sources */ = {isa = PBXBuildFile; fileRef = F938E842C25F6B65AB637600 /* ShoppingListsView.swift */; };
		FF1F30529EC5A77DFC4C1C8E /* BarcodeLookupServiceTests.swift in Sources */ = {isa = PBXBuildFile; fileRef = DE26B71B1215BEB943C0F68C /* BarcodeLookupServiceTests.swift */; };
/* End PBXBuildFile section */

/* Begin PBXContainerItemProxy section */
		646B9247F9221A3A59327FB3 /* PBXContainerItemProxy */ = {
			isa = PBXContainerItemProxy;
			containerPortal = 4D287C727C9DA2C60B7BCEC3 /* Project object */;
			proxyType = 1;
			remoteGlobalIDString = 9866704C9756CCBD83AE9312;
			remoteInfo = Sously;
		};
		8FDAA562E3A7D3C86CB64F45 /* PBXContainerItemProxy */ = {
			isa = PBXContainerItemProxy;
			containerPortal = 4D287C727C9DA2C60B7BCEC3 /* Project object */;
			proxyType = 1;
			remoteGlobalIDString = 9866704C9756CCBD83AE9312;
			remoteInfo = Sously;
		};
/* End PBXContainerItemProxy section */

/* Begin PBXFileReference section */
		011E443F1621637255A9A560 /* ShoppingListDetailView.swift */ = {isa = PBXFileReference; lastKnownFileType = sourcecode.swift; path = ShoppingListDetailView.swift; sourceTree = "<group>"; };
		01A752D500C68EE65E8A1A3F /* IngredientNormalizerTests.swift */ = {isa = PBXFileReference; lastKnownFileType = sourcecode.swift; path = IngredientNormalizerTests.swift; sourceTree = "<group>"; };
		02D281D6B2368E564D127D7A /* WhatCanIMakeView.swift */ = {isa = PBXFileReference; lastKnownFileType = sourcecode.swift; path = WhatCanIMakeView.swift; sourceTree = "<group>"; };
		02DD61C9FF7050CDA9EA4E3C /* StatusBadge.swift */ = {isa = PBXFileReference; lastKnownFileType = sourcecode.swift; path = StatusBadge.swift; sourceTree = "<group>"; };
		08C642508B7E49BC0351BB41 /* BarcodeLookupService.swift */ = {isa = PBXFileReference; lastKnownFileType = sourcecode.swift; path = BarcodeLookupService.swift; sourceTree = "<group>"; };
		0A40015D9E05C3660EF5966D /* MealPlanGeneratorService.swift */ = {isa = PBXFileReference; lastKnownFileType = sourcecode.swift; path = MealPlanGeneratorService.swift; sourceTree = "<group>"; };
		118D2EDFC382944A3D321845 /* IngredientNormalizer.swift */ = {isa = PBXFileReference; lastKnownFileType = sourcecode.swift; path = IngredientNormalizer.swift; sourceTree = "<group>"; };
		1AE1AFF7901E2975717AD060 /* InventoryAdjustmentService.swift */ = {isa = PBXFileReference; lastKnownFileType = sourcecode.swift; path = InventoryAdjustmentService.swift; sourceTree = "<group>"; };
		1B0A55A7AD9691CD36973B6E /* SouslyApp.swift */ = {isa = PBXFileReference; lastKnownFileType = sourcecode.swift; path = SouslyApp.swift; sourceTree = "<group>"; };
		21974E42098F328FF8E03953 /* RecipeListView.swift */ = {isa = PBXFileReference; lastKnownFileType = sourcecode.swift; path = RecipeListView.swift; sourceTree = "<group>"; };
		23448DE7D36630B95FDBC2A5 /* BarcodeScannerView.swift */ = {isa = PBXFileReference; lastKnownFileType = sourcecode.swift; path = BarcodeScannerView.swift; sourceTree = "<group>"; };
		2C9DB99BB695F38E582BE92B /* SouslyTests.xctest */ = {isa = PBXFileReference; includeInIndex = 0; lastKnownFileType = wrapper.cfbundle; path = SouslyTests.xctest; sourceTree = BUILT_PRODUCTS_DIR; };
		3453689921E94FFA24DB8469 /* Assets.xcassets */ = {isa = PBXFileReference; lastKnownFileType = folder.assetcatalog; path = Assets.xcassets; sourceTree = "<group>"; };
		37F3AAA4464998925B828662 /* Sously.xcdatamodel */ = {isa = PBXFileReference; lastKnownFileType = wrapper.xcdatamodel; path = Sously.xcdatamodel; sourceTree = "<group>"; };
		3D022F68BB2CA43D3533E9D2 /* RecipeMatchingServiceTests.swift */ = {isa = PBXFileReference; lastKnownFileType = sourcecode.swift; path = RecipeMatchingServiceTests.swift; sourceTree = "<group>"; };
		409AEBBCD4B8FAE47E447A01 /* SouslyUITests.swift */ = {isa = PBXFileReference; lastKnownFileType = sourcecode.swift; path = SouslyUITests.swift; sourceTree = "<group>"; };
		47464D9D297D9E39017411DC /* ShoppingRepository.swift */ = {isa = PBXFileReference; lastKnownFileType = sourcecode.swift; path = ShoppingRepository.swift; sourceTree = "<group>"; };
		4EA4EEB933C92AFDF396D151 /* PhotoPickerSection.swift */ = {isa = PBXFileReference; lastKnownFileType = sourcecode.swift; path = PhotoPickerSection.swift; sourceTree = "<group>"; };
		55BB4CA1A9847ECB107C3761 /* Info.plist */ = {isa = PBXFileReference; lastKnownFileType = text.plist; path = Info.plist; sourceTree = "<group>"; };
		60FC57E849EF847DC8D235CD /* Sously.entitlements */ = {isa = PBXFileReference; lastKnownFileType = text.plist.entitlements; path = Sously.entitlements; sourceTree = "<group>"; };
		655B15B534868BB07A27BA1B /* PantryBackgroundView.swift */ = {isa = PBXFileReference; lastKnownFileType = sourcecode.swift; path = PantryBackgroundView.swift; sourceTree = "<group>"; };
		69CE15F2E8F6E5FF75A867B8 /* RootView.swift */ = {isa = PBXFileReference; lastKnownFileType = sourcecode.swift; path = RootView.swift; sourceTree = "<group>"; };
		6C21504033F9A49FD73C2F45 /* QuantityFormatter.swift */ = {isa = PBXFileReference; lastKnownFileType = sourcecode.swift; path = QuantityFormatter.swift; sourceTree = "<group>"; };
		7077221042781AE2168F2106 /* MealPlanGeneratorTests.swift */ = {isa = PBXFileReference; lastKnownFileType = sourcecode.swift; path = MealPlanGeneratorTests.swift; sourceTree = "<group>"; };
		720A045BA04712930FBA1D26 /* PantryListView.swift */ = {isa = PBXFileReference; lastKnownFileType = sourcecode.swift; path = PantryListView.swift; sourceTree = "<group>"; };
		73B0622D7C2F318C37E39D75 /* RecipeImportParserTests.swift */ = {isa = PBXFileReference; lastKnownFileType = sourcecode.swift; path = RecipeImportParserTests.swift; sourceTree = "<group>"; };
		7641543CE982EB3B6CBCF479 /* RecipeRepository.swift */ = {isa = PBXFileReference; lastKnownFileType = sourcecode.swift; path = RecipeRepository.swift; sourceTree = "<group>"; };
		775BC39E4C0E56BA31579BA0 /* MealPlanExportService.swift */ = {isa = PBXFileReference; lastKnownFileType = sourcecode.swift; path = MealPlanExportService.swift; sourceTree = "<group>"; };
		793DFB382B025E6411C72A4E /* SeedDataServiceTests.swift */ = {isa = PBXFileReference; lastKnownFileType = sourcecode.swift; path = SeedDataServiceTests.swift; sourceTree = "<group>"; };
		7BA7B44A8EC4A8B7B0A1EC4B /* PantryRepository.swift */ = {isa = PBXFileReference; lastKnownFileType = sourcecode.swift; path = PantryRepository.swift; sourceTree = "<group>"; };
		84FEE2B5C5647BB26CB25535 /* Enums.swift */ = {isa = PBXFileReference; lastKnownFileType = sourcecode.swift; path = Enums.swift; sourceTree = "<group>"; };
		88F20F618E759F997CA06A40 /* PersistenceController.swift */ = {isa = PBXFileReference; lastKnownFileType = sourcecode.swift; path = PersistenceController.swift; sourceTree = "<group>"; };
		89091CC49260194C1E57DA73 /* AppLaunchView.swift */ = {isa = PBXFileReference; lastKnownFileType = sourcecode.swift; path = AppLaunchView.swift; sourceTree = "<group>"; };
		8C762548F89C7DB7BAE95E96 /* SouslyUITests.xctest */ = {isa = PBXFileReference; includeInIndex = 0; lastKnownFileType = wrapper.cfbundle; path = SouslyUITests.xctest; sourceTree = BUILT_PRODUCTS_DIR; };
		8E023718054A6B5ECD9C5950 /* SeedCoordinator.swift */ = {isa = PBXFileReference; lastKnownFileType = sourcecode.swift; path = SeedCoordinator.swift; sourceTree = "<group>"; };
		8F60899E42F60DA2999033D8 /* ShoppingListBuilderTests.swift */ = {isa = PBXFileReference; lastKnownFileType = sourcecode.swift; path = ShoppingListBuilderTests.swift; sourceTree = "<group>"; };
		A95B13FEA1EF59D2A69F1088 /* AppState.swift */ = {isa = PBXFileReference; lastKnownFileType = sourcecode.swift; path = AppState.swift; sourceTree = "<group>"; };
		B9E18FAD8CF821234EA9BA57 /* PantryItemDetailView.swift */ = {isa = PBXFileReference; lastKnownFileType = sourcecode.swift; path = PantryItemDetailView.swift; sourceTree = "<group>"; };
		BB3E4664108202B4C45F84A2 /* Sously.app */ = {isa = PBXFileReference; explicitFileType = wrapper.application; includeInIndex = 0; path = Sously.app; sourceTree = BUILT_PRODUCTS_DIR; };
		BD6330DF1B25FB290059F912 /* ShoppingListBuilderService.swift */ = {isa = PBXFileReference; lastKnownFileType = sourcecode.swift; path = ShoppingListBuilderService.swift; sourceTree = "<group>"; };
		C6D8EA6DA7519B16F00C2654 /* MealPlansView.swift */ = {isa = PBXFileReference; lastKnownFileType = sourcecode.swift; path = MealPlansView.swift; sourceTree = "<group>"; };
		C855AA007A60E43D69C873D9 /* MealPlanRepository.swift */ = {isa = PBXFileReference; lastKnownFileType = sourcecode.swift; path = MealPlanRepository.swift; sourceTree = "<group>"; };
		C9A2D31BC68385E83C424DC2 /* RecipeEditorView.swift */ = {isa = PBXFileReference; lastKnownFileType = sourcecode.swift; path = RecipeEditorView.swift; sourceTree = "<group>"; };
		C9C6ED29DF9EB306E94E17E0 /* Extensions.swift */ = {isa = PBXFileReference; lastKnownFileType = sourcecode.swift; path = Extensions.swift; sourceTree = "<group>"; };
		CD4E8BE73A050845F85F2ED6 /* RecipeImportView.swift */ = {isa = PBXFileReference; lastKnownFileType = sourcecode.swift; path = RecipeImportView.swift; sourceTree = "<group>"; };
		D0BC9B94188662FA3CFD05A5 /* RecipeImportService.swift */ = {isa = PBXFileReference; lastKnownFileType = sourcecode.swift; path = RecipeImportService.swift; sourceTree = "<group>"; };
		D8427CD31D0C6539C8809E14 /* SeedDataService.swift */ = {isa = PBXFileReference; lastKnownFileType = sourcecode.swift; path = SeedDataService.swift; sourceTree = "<group>"; };
		DA20DE8010E7C2363FD79494 /* TagRepository.swift */ = {isa = PBXFileReference; lastKnownFileType = sourcecode.swift; path = TagRepository.swift; sourceTree = "<group>"; };
		DDFBD4DCCFA237273CACC9E5 /* SplashView.swift */ = {isa = PBXFileReference; lastKnownFileType = sourcecode.swift; path = SplashView.swift; sourceTree = "<group>"; };
		DE26B71B1215BEB943C0F68C /* BarcodeLookupServiceTests.swift */ = {isa = PBXFileReference; lastKnownFileType = sourcecode.swift; path = BarcodeLookupServiceTests.swift; sourceTree = "<group>"; };
		E20CE5B71636D885A50D50D5 /* CategoryRepository.swift */ = {isa = PBXFileReference; lastKnownFileType = sourcecode.swift; path = CategoryRepository.swift; sourceTree = "<group>"; };
		F8BFD34D0DCB9FC72A2FDC82 /* RecipeDetailView.swift */ = {isa = PBXFileReference; lastKnownFileType = sourcecode.swift; path = RecipeDetailView.swift; sourceTree = "<group>"; };
		F938E842C25F6B65AB637600 /* ShoppingListsView.swift */ = {isa = PBXFileReference; lastKnownFileType = sourcecode.swift; path = ShoppingListsView.swift; sourceTree = "<group>"; };
		FC9D32040AF47F9D9901072F /* PantryItemEditorView.swift */ = {isa = PBXFileReference; lastKnownFileType = sourcecode.swift; path = PantryItemEditorView.swift; sourceTree = "<group>"; };
		FEC7DAE5EB4AECE22B34DC24 /* RecipeMatchingService.swift */ = {isa = PBXFileReference; lastKnownFileType = sourcecode.swift; path = RecipeMatchingService.swift; sourceTree = "<group>"; };
/* End PBXFileReference section */

/* Begin PBXGroup section */
		0D9F0D2C793EE028E7CCB665 /* Views */ = {
			isa = PBXGroup;
			children = (
				C65B647948E91D5EE4AFE319 /* Components */,
				AC0181EA0A4D5BE5DD71E9C8 /* Cook */,
				A239C7A96719E8C820B5C927 /* Pantry */,
				56C70370F8AAAC7FC153F41A /* Plan */,
				50EB5ACC84AB173808AB7D2A /* Recipes */,
				1D90CAD2AA4A2CE22B352282 /* Root */,
				E2FED2BA657F5FDAC18579CF /* Shopping */,
			);
			path = Views;
			sourceTree = "<group>";
		};
		1724DABCC7F080420FE839B2 /* Resources */ = {
			isa = PBXGroup;
			children = (
				3453689921E94FFA24DB8469 /* Assets.xcassets */,
				55BB4CA1A9847ECB107C3761 /* Info.plist */,
				60FC57E849EF847DC8D235CD /* Sously.entitlements */,
			);
			path = Resources;
			sourceTree = "<group>";
		};
		1D90CAD2AA4A2CE22B352282 /* Root */ = {
			isa = PBXGroup;
			children = (
				89091CC49260194C1E57DA73 /* AppLaunchView.swift */,
				69CE15F2E8F6E5FF75A867B8 /* RootView.swift */,
				DDFBD4DCCFA237273CACC9E5 /* SplashView.swift */,
			);
			path = Root;
			sourceTree = "<group>";
		};
		270F43B5B951C85BC94E427A /* Utilities */ = {
			isa = PBXGroup;
			children = (
				118D2EDFC382944A3D321845 /* IngredientNormalizer.swift */,
				6C21504033F9A49FD73C2F45 /* QuantityFormatter.swift */,
			);
			path = Utilities;
			sourceTree = "<group>";
		};
		4553477ABE6917BA2CB0877F /* Persistence */ = {
			isa = PBXGroup;
			children = (
				88F20F618E759F997CA06A40 /* PersistenceController.swift */,
			);
			path = Persistence;
			sourceTree = "<group>";
		};
		500F119989BA91E558AACA08 /* SouslyTests */ = {
			isa = PBXGroup;
			children = (
				DE26B71B1215BEB943C0F68C /* BarcodeLookupServiceTests.swift */,
				01A752D500C68EE65E8A1A3F /* IngredientNormalizerTests.swift */,
				7077221042781AE2168F2106 /* MealPlanGeneratorTests.swift */,
				73B0622D7C2F318C37E39D75 /* RecipeImportParserTests.swift */,
				3D022F68BB2CA43D3533E9D2 /* RecipeMatchingServiceTests.swift */,
				793DFB382B025E6411C72A4E /* SeedDataServiceTests.swift */,
				8F60899E42F60DA2999033D8 /* ShoppingListBuilderTests.swift */,
			);
			path = SouslyTests;
			sourceTree = "<group>";
		};
		50EB5ACC84AB173808AB7D2A /* Recipes */ = {
			isa = PBXGroup;
			children = (
				F8BFD34D0DCB9FC72A2FDC82 /* RecipeDetailView.swift */,
				C9A2D31BC68385E83C424DC2 /* RecipeEditorView.swift */,
				CD4E8BE73A050845F85F2ED6 /* RecipeImportView.swift */,
				21974E42098F328FF8E03953 /* RecipeListView.swift */,
			);
			path = Recipes;
			sourceTree = "<group>";
		};
		5577C973C2B08095A62288C2 /* Models */ = {
			isa = PBXGroup;
			children = (
				DB5BC9B5ED747E27C064A41C /* Sously.xcdatamodeld */,
			);
			path = Models;
			sourceTree = "<group>";
		};
		56C70370F8AAAC7FC153F41A /* Plan */ = {
			isa = PBXGroup;
			children = (
				C6D8EA6DA7519B16F00C2654 /* MealPlansView.swift */,
			);
			path = Plan;
			sourceTree = "<group>";
		};
		59929D7A18411AE52DF69DA8 /* Products */ = {
			isa = PBXGroup;
			children = (
				BB3E4664108202B4C45F84A2 /* Sously.app */,
				2C9DB99BB695F38E582BE92B /* SouslyTests.xctest */,
				8C762548F89C7DB7BAE95E96 /* SouslyUITests.xctest */,
			);
			name = Products;
			sourceTree = "<group>";
		};
		6C417369CDEF98C3D8D15283 /* Repositories */ = {
			isa = PBXGroup;
			children = (
				E20CE5B71636D885A50D50D5 /* CategoryRepository.swift */,
				C855AA007A60E43D69C873D9 /* MealPlanRepository.swift */,
				7BA7B44A8EC4A8B7B0A1EC4B /* PantryRepository.swift */,
				7641543CE982EB3B6CBCF479 /* RecipeRepository.swift */,
				47464D9D297D9E39017411DC /* ShoppingRepository.swift */,
				DA20DE8010E7C2363FD79494 /* TagRepository.swift */,
			);
			path = Repositories;
			sourceTree = "<group>";
		};
		87A9CE85A9E6AB63D6EF331B /* App */ = {
			isa = PBXGroup;
			children = (
				A95B13FEA1EF59D2A69F1088 /* AppState.swift */,
				1B0A55A7AD9691CD36973B6E /* SouslyApp.swift */,
			);
			path = App;
			sourceTree = "<group>";
		};
		8F1A2B6553DFF78F05CBFC7F /* Services */ = {
			isa = PBXGroup;
			children = (
				08C642508B7E49BC0351BB41 /* BarcodeLookupService.swift */,
				1AE1AFF7901E2975717AD060 /* InventoryAdjustmentService.swift */,
				775BC39E4C0E56BA31579BA0 /* MealPlanExportService.swift */,
				0A40015D9E05C3660EF5966D /* MealPlanGeneratorService.swift */,
				D0BC9B94188662FA3CFD05A5 /* RecipeImportService.swift */,
				FEC7DAE5EB4AECE22B34DC24 /* RecipeMatchingService.swift */,
				8E023718054A6B5ECD9C5950 /* SeedCoordinator.swift */,
				D8427CD31D0C6539C8809E14 /* SeedDataService.swift */,
				BD6330DF1B25FB290059F912 /* ShoppingListBuilderService.swift */,
			);
			path = Services;
			sourceTree = "<group>";
		};
		8F9A8B5A8A9A488D593E5009 /* Domain */ = {
			isa = PBXGroup;
			children = (
				84FEE2B5C5647BB26CB25535 /* Enums.swift */,
				C9C6ED29DF9EB306E94E17E0 /* Extensions.swift */,
			);
			path = Domain;
			sourceTree = "<group>";
		};
		9FFFEE8F5B80A53C1DDEB5AF /* SouslyUITests */ = {
			isa = PBXGroup;
			children = (
				409AEBBCD4B8FAE47E447A01 /* SouslyUITests.swift */,
			);
			path = SouslyUITests;
			sourceTree = "<group>";
		};
		A239C7A96719E8C820B5C927 /* Pantry */ = {
			isa = PBXGroup;
			children = (
				B9E18FAD8CF821234EA9BA57 /* PantryItemDetailView.swift */,
				FC9D32040AF47F9D9901072F /* PantryItemEditorView.swift */,
				720A045BA04712930FBA1D26 /* PantryListView.swift */,
			);
			path = Pantry;
			sourceTree = "<group>";
		};
		AC0181EA0A4D5BE5DD71E9C8 /* Cook */ = {
			isa = PBXGroup;
			children = (
				02D281D6B2368E564D127D7A /* WhatCanIMakeView.swift */,
			);
			path = Cook;
			sourceTree = "<group>";
		};
		C65B647948E91D5EE4AFE319 /* Components */ = {
			isa = PBXGroup;
			children = (
				23448DE7D36630B95FDBC2A5 /* BarcodeScannerView.swift */,
				655B15B534868BB07A27BA1B /* PantryBackgroundView.swift */,
				4EA4EEB933C92AFDF396D151 /* PhotoPickerSection.swift */,
				02DD61C9FF7050CDA9EA4E3C /* StatusBadge.swift */,
			);
			path = Components;
			sourceTree = "<group>";
		};
		E2FED2BA657F5FDAC18579CF /* Shopping */ = {
			isa = PBXGroup;
			children = (
				011E443F1621637255A9A560 /* ShoppingListDetailView.swift */,
				F938E842C25F6B65AB637600 /* ShoppingListsView.swift */,
			);
			path = Shopping;
			sourceTree = "<group>";
		};
		F9E9512AE1A4F762614D098F /* Sously */ = {
			isa = PBXGroup;
			children = (
				87A9CE85A9E6AB63D6EF331B /* App */,
				8F9A8B5A8A9A488D593E5009 /* Domain */,
				5577C973C2B08095A62288C2 /* Models */,
				4553477ABE6917BA2CB0877F /* Persistence */,
				6C417369CDEF98C3D8D15283 /* Repositories */,
				1724DABCC7F080420FE839B2 /* Resources */,
				8F1A2B6553DFF78F05CBFC7F /* Services */,
				270F43B5B951C85BC94E427A /* Utilities */,
				0D9F0D2C793EE028E7CCB665 /* Views */,
			);
			path = Sously;
			sourceTree = "<group>";
		};
		FA3E188D2A9B15EFC457545C = {
			isa = PBXGroup;
			children = (
				F9E9512AE1A4F762614D098F /* Sously */,
				500F119989BA91E558AACA08 /* SouslyTests */,
				9FFFEE8F5B80A53C1DDEB5AF /* SouslyUITests */,
				59929D7A18411AE52DF69DA8 /* Products */,
			);
			sourceTree = "<group>";
		};
/* End PBXGroup section */

/* Begin PBXNativeTarget section */
		1CD1C2426E0F4B45EABBFA93 /* SouslyUITests */ = {
			isa = PBXNativeTarget;
			buildConfigurationList = FBE2DF47B40C14458ACF8918 /* Build configuration list for PBXNativeTarget "SouslyUITests" */;
			buildPhases = (
				EFD67B527CAAA3A277D73F03 /* Sources */,
			);
			buildRules = (
			);
			dependencies = (
				BCA76B11B9989E45644F42C9 /* PBXTargetDependency */,
			);
			name = SouslyUITests;
			packageProductDependencies = (
			);
			productName = SouslyUITests;
			productReference = 8C762548F89C7DB7BAE95E96 /* SouslyUITests.xctest */;
			productType = "com.apple.product-type.bundle.ui-testing";
		};
		27EF1594C528F53B44D02F0C /* SouslyTests */ = {
			isa = PBXNativeTarget;
			buildConfigurationList = E06D3F39EDD4C4FDB8F18942 /* Build configuration list for PBXNativeTarget "SouslyTests" */;
			buildPhases = (
				8F34C90A37D593EC09FE8942 /* Sources */,
			);
			buildRules = (
			);
			dependencies = (
				99E55B72E7F022ABE1BFA8DE /* PBXTargetDependency */,
			);
			name = SouslyTests;
			packageProductDependencies = (
			);
			productName = SouslyTests;
			productReference = 2C9DB99BB695F38E582BE92B /* SouslyTests.xctest */;
			productType = "com.apple.product-type.bundle.unit-test";
		};
		9866704C9756CCBD83AE9312 /* Sously */ = {
			isa = PBXNativeTarget;
			buildConfigurationList = BF306B45A72874F464FCCEF5 /* Build configuration list for PBXNativeTarget "Sously" */;
			buildPhases = (
				5FF77C5D4DF36CFFD5AAB449 /* Sources */,
				EC5613D235577A923817F3C7 /* Resources */,
			);
			buildRules = (
			);
			dependencies = (
			);
			name = Sously;
			packageProductDependencies = (
			);
			productName = Sously;
			productReference = BB3E4664108202B4C45F84A2 /* Sously.app */;
			productType = "com.apple.product-type.application";
		};
/* End PBXNativeTarget section */

/* Begin PBXProject section */
		4D287C727C9DA2C60B7BCEC3 /* Project object */ = {
			isa = PBXProject;
			attributes = {
				BuildIndependentTargetsInParallel = YES;
				LastUpgradeCheck = 1430;
				TargetAttributes = {
					1CD1C2426E0F4B45EABBFA93 = {
						DevelopmentTeam = "";
						ProvisioningStyle = Automatic;
						TestTargetID = 9866704C9756CCBD83AE9312;
					};
					27EF1594C528F53B44D02F0C = {
						DevelopmentTeam = "";
						ProvisioningStyle = Automatic;
					};
					9866704C9756CCBD83AE9312 = {
						ProvisioningStyle = Automatic;
					};
				};
			};
			buildConfigurationList = 4E0FC105F43AFB924C5ADBB2 /* Build configuration list for PBXProject "Sously" */;
			developmentRegion = en;
			hasScannedForEncodings = 0;
			knownRegions = (
				Base,
				en,
			);
			mainGroup = FA3E188D2A9B15EFC457545C;
			minimizedProjectReferenceProxies = 1;
			preferredProjectObjectVersion = 77;
			productRefGroup = 59929D7A18411AE52DF69DA8 /* Products */;
			projectDirPath = "";
			projectRoot = "";
			targets = (
				9866704C9756CCBD83AE9312 /* Sously */,
				27EF1594C528F53B44D02F0C /* SouslyTests */,
				1CD1C2426E0F4B45EABBFA93 /* SouslyUITests */,
			);
		};
/* End PBXProject section */

/* Begin PBXResourcesBuildPhase section */
		EC5613D235577A923817F3C7 /* Resources */ = {
			isa = PBXResourcesBuildPhase;
			buildActionMask = 2147483647;
			files = (
				363D8D84B1F2F5BB0F2C5A90 /* Assets.xcassets in Resources */,
			);
			runOnlyForDeploymentPostprocessing = 0;
		};
/* End PBXResourcesBuildPhase section */

/* Begin PBXSourcesBuildPhase section */
		5FF77C5D4DF36CFFD5AAB449 /* Sources */ = {
			isa = PBXSourcesBuildPhase;
			buildActionMask = 2147483647;
			files = (
				20CC57241682D4970E82DA0B /* AppLaunchView.swift in Sources */,
				ADA0C724FA6DF8ED79FA6E9E /* AppState.swift in Sources */,
				D98A1CA7AC3849C04B269193 /* BarcodeLookupService.swift in Sources */,
				418056613903E8E656664943 /* BarcodeScannerView.swift in Sources */,
				D656685C1A15BB742B3A4A1B /* CategoryRepository.swift in Sources */,
				31F2D9C739D5DEED590451B6 /* Enums.swift in Sources */,
				3E950C6313C472CB5E537698 /* Extensions.swift in Sources */,
				12C7132DD3382D4E3A17E3A5 /* IngredientNormalizer.swift in Sources */,
				3CAE56EF1F478842CC03E0C4 /* InventoryAdjustmentService.swift in Sources */,
				6724F5407314A485CDDC02B2 /* MealPlanExportService.swift in Sources */,
				466BA0A0DD8F44A956FC98C1 /* MealPlanGeneratorService.swift in Sources */,
				0DF8558A43F97CBE806DEA22 /* MealPlanRepository.swift in Sources */,
				F5CE5717D295224493068CD9 /* MealPlansView.swift in Sources */,
				AEDFAED0AF0E80DC1BBC99D7 /* PantryBackgroundView.swift in Sources */,
				F738D4F772C22365DF8FAB1C /* PantryItemDetailView.swift in Sources */,
				58878EB0FCADFCA3461FC62B /* PantryItemEditorView.swift in Sources */,
				E122F76D3DD33F22D49C87FC /* PantryListView.swift in Sources */,
				94647B6A80EE2B88F80A40C1 /* PantryRepository.swift in Sources */,
				D1E4E0D97B357DE59DBBA0B3 /* PersistenceController.swift in Sources */,
				A2C15DB11707462223CDB3D2 /* PhotoPickerSection.swift in Sources */,
				29FE2ADDCCEDD752170F9354 /* QuantityFormatter.swift in Sources */,
				4C64DDEAB945FC9D52B40012 /* RecipeDetailView.swift in Sources */,
				E8BAD9CE0ECE4D82A2482ACC /* RecipeEditorView.swift in Sources */,
				DD6083C2A7DE1A84739DB27C /* RecipeImportService.swift in Sources */,
				B353952049000248B2C9838B /* RecipeImportView.swift in Sources */,
				12CE9B45669D014D9A2A45C3 /* RecipeListView.swift in Sources */,
				E0FFA7B01E9631BF152421A1 /* RecipeMatchingService.swift in Sources */,
				0966CEA0DCF8FDB19129330F /* RecipeRepository.swift in Sources */,
				78D89F32741416A5C82E50AD /* RootView.swift in Sources */,
				0E49424D88AC170582BBACAA /* SeedCoordinator.swift in Sources */,
				6EF9BA6DA8D58D4D2F78FC69 /* SeedDataService.swift in Sources */,
				7BEF02C7D26666BB1731124D /* ShoppingListBuilderService.swift in Sources */,
				3A7057BE23722469EF164347 /* ShoppingListDetailView.swift in Sources */,
				F87FE6D51A1B80AF644AF242 /* ShoppingListsView.swift in Sources */,
				66F46BB71E0B19B9D4524310 /* ShoppingRepository.swift in Sources */,
				BBFEF05CF6903DC3A6D8745B /* Sously.xcdatamodeld in Sources */,
				D550A2F39DB32B926B517DB6 /* SouslyApp.swift in Sources */,
				9DA33C30AE8787B98CFC2E2A /* SplashView.swift in Sources */,
				3BF6AEA0DD3693C0823BD46A /* StatusBadge.swift in Sources */,
				0B164E759648C68ACA07F021 /* TagRepository.swift in Sources */,
				4F42AF52ACF80F04F72802F1 /* WhatCanIMakeView.swift in Sources */,
			);
			runOnlyForDeploymentPostprocessing = 0;
		};
		8F34C90A37D593EC09FE8942 /* Sources */ = {
			isa = PBXSourcesBuildPhase;
			buildActionMask = 2147483647;
			files = (
				FF1F30529EC5A77DFC4C1C8E /* BarcodeLookupServiceTests.swift in Sources */,
				52934FDD57BB34893522DC67 /* IngredientNormalizerTests.swift in Sources */,
				2AC942E0507749D25566790E /* MealPlanGeneratorTests.swift in Sources */,
				67EFB86A9B1B3EB5A7AD2072 /* RecipeImportParserTests.swift in Sources */,
				CFFF30EBBD2A0B0DF9A195ED /* RecipeMatchingServiceTests.swift in Sources */,
				E49BB6DA31BDD8F42F32BDA7 /* SeedDataServiceTests.swift in Sources */,
				117E3333817D8E9B3326167C /* ShoppingListBuilderTests.swift in Sources */,
			);
			runOnlyForDeploymentPostprocessing = 0;
		};
		EFD67B527CAAA3A277D73F03 /* Sources */ = {
			isa = PBXSourcesBuildPhase;
			buildActionMask = 2147483647;
			files = (
				B8AFCA16F8E8971A061B160C /* SouslyUITests.swift in Sources */,
			);
			runOnlyForDeploymentPostprocessing = 0;
		};
/* End PBXSourcesBuildPhase section */

/* Begin PBXTargetDependency section */
		99E55B72E7F022ABE1BFA8DE /* PBXTargetDependency */ = {
			isa = PBXTargetDependency;
			target = 9866704C9756CCBD83AE9312 /* Sously */;
			targetProxy = 646B9247F9221A3A59327FB3 /* PBXContainerItemProxy */;
		};
		BCA76B11B9989E45644F42C9 /* PBXTargetDependency */ = {
			isa = PBXTargetDependency;
			target = 9866704C9756CCBD83AE9312 /* Sously */;
			targetProxy = 8FDAA562E3A7D3C86CB64F45 /* PBXContainerItemProxy */;
		};
/* End PBXTargetDependency section */

/* Begin XCBuildConfiguration section */
		671FEAC7DDB542BD6D5A9055 /* Release */ = {
			isa = XCBuildConfiguration;
			buildSettings = {
				BUNDLE_LOADER = "$(TEST_HOST)";
				GENERATE_INFOPLIST_FILE = YES;
				LD_RUNPATH_SEARCH_PATHS = (
					"$(inherited)",
					"@executable_path/Frameworks",
					"@loader_path/Frameworks",
				);
				PRODUCT_BUNDLE_IDENTIFIER = com.sously.app.uitests;
				SDKROOT = iphoneos;
				TARGETED_DEVICE_FAMILY = "1,2";
				TEST_TARGET_NAME = Sously;
			};
			name = Release;
		};
		783810770239F0EBA960CDAA /* Debug */ = {
			isa = XCBuildConfiguration;
			buildSettings = {
				BUNDLE_LOADER = "$(TEST_HOST)";
				GENERATE_INFOPLIST_FILE = YES;
				LD_RUNPATH_SEARCH_PATHS = (
					"$(inherited)",
					"@executable_path/Frameworks",
					"@loader_path/Frameworks",
				);
				PRODUCT_BUNDLE_IDENTIFIER = com.sously.app.uitests;
				SDKROOT = iphoneos;
				TARGETED_DEVICE_FAMILY = "1,2";
				TEST_TARGET_NAME = Sously;
			};
			name = Debug;
		};
		B9E5CDAC4B37CDF947EC4DBC /* Debug */ = {
			isa = XCBuildConfiguration;
			buildSettings = {
				ALWAYS_SEARCH_USER_PATHS = NO;
				CLANG_ANALYZER_NONNULL = YES;
				CLANG_ANALYZER_NUMBER_OBJECT_CONVERSION = YES_AGGRESSIVE;
				CLANG_CXX_LANGUAGE_STANDARD = "gnu++14";
				CLANG_CXX_LIBRARY = "libc++";
				CLANG_ENABLE_MODULES = YES;
				CLANG_ENABLE_OBJC_ARC = YES;
				CLANG_ENABLE_OBJC_WEAK = YES;
				CLANG_WARN_BLOCK_CAPTURE_AUTORELEASING = YES;
				CLANG_WARN_BOOL_CONVERSION = YES;
				CLANG_WARN_COMMA = YES;
				CLANG_WARN_CONSTANT_CONVERSION = YES;
				CLANG_WARN_DEPRECATED_OBJC_IMPLEMENTATIONS = YES;
				CLANG_WARN_DIRECT_OBJC_ISA_USAGE = YES_ERROR;
				CLANG_WARN_DOCUMENTATION_COMMENTS = YES;
				CLANG_WARN_EMPTY_BODY = YES;
				CLANG_WARN_ENUM_CONVERSION = YES;
				CLANG_WARN_INFINITE_RECURSION = YES;
				CLANG_WARN_INT_CONVERSION = YES;
				CLANG_WARN_NON_LITERAL_NULL_CONVERSION = YES;
				CLANG_WARN_OBJC_IMPLICIT_RETAIN_SELF = YES;
				CLANG_WARN_OBJC_LITERAL_CONVERSION = YES;
				CLANG_WARN_OBJC_ROOT_CLASS = YES_ERROR;
				CLANG_WARN_QUOTED_INCLUDE_IN_FRAMEWORK_HEADER = YES;
				CLANG_WARN_RANGE_LOOP_ANALYSIS = YES;
				CLANG_WARN_STRICT_PROTOTYPES = YES;
				CLANG_WARN_SUSPICIOUS_MOVE = YES;
				CLANG_WARN_UNGUARDED_AVAILABILITY = YES_AGGRESSIVE;
				CLANG_WARN_UNREACHABLE_CODE = YES;
				CLANG_WARN__DUPLICATE_METHOD_MATCH = YES;
				CODE_SIGN_STYLE = Automatic;
				COPY_PHASE_STRIP = NO;
				CURRENT_PROJECT_VERSION = 1;
				DEBUG_INFORMATION_FORMAT = dwarf;
				DERIVE_MACCATALYST_PRODUCT_BUNDLE_IDENTIFIER = NO;
				DEVELOPMENT_TEAM = "";
				ENABLE_PREVIEWS = YES;
				ENABLE_STRICT_OBJC_MSGSEND = YES;
				ENABLE_TESTABILITY = YES;
				GCC_C_LANGUAGE_STANDARD = gnu11;
				GCC_DYNAMIC_NO_PIC = NO;
				GCC_NO_COMMON_BLOCKS = YES;
				GCC_OPTIMIZATION_LEVEL = 0;
				GCC_PREPROCESSOR_DEFINITIONS = (
					"$(inherited)",
					"DEBUG=1",
				);
				GCC_WARN_64_TO_32_BIT_CONVERSION = YES;
				GCC_WARN_ABOUT_RETURN_TYPE = YES_ERROR;
				GCC_WARN_UNDECLARED_SELECTOR = YES;
				GCC_WARN_UNINITIALIZED_AUTOS = YES_AGGRESSIVE;
				GCC_WARN_UNUSED_FUNCTION = YES;
				GCC_WARN_UNUSED_VARIABLE = YES;
				IPHONEOS_DEPLOYMENT_TARGET = 17.0;
				MACCATALYST_DEPLOYMENT_TARGET = 14.0;
				MARKETING_VERSION = 1.0.0;
				MTL_ENABLE_DEBUG_INFO = INCLUDE_SOURCE;
				MTL_FAST_MATH = YES;
				ONLY_ACTIVE_ARCH = YES;
				PRODUCT_NAME = "$(TARGET_NAME)";
				SDKROOT = iphoneos;
				SUPPORTS_MACCATALYST = YES;
				SWIFT_ACTIVE_COMPILATION_CONDITIONS = DEBUG;
				SWIFT_OPTIMIZATION_LEVEL = "-Onone";
				SWIFT_VERSION = 5.0;
				TARGETED_DEVICE_FAMILY = "1,2";
			};
			name = Debug;
		};
		D25AE49137F6F0E31CF20093 /* Debug */ = {
			isa = XCBuildConfiguration;
			buildSettings = {
				ASSETCATALOG_COMPILER_APPICON_NAME = AppIcon;
				CODE_SIGN_ENTITLEMENTS = Sously/Resources/Sously.entitlements;
				CODE_SIGN_IDENTITY = "iPhone Developer";
				DEVELOPMENT_TEAM = J7MM7A8SK8;
				GENERATE_INFOPLIST_FILE = NO;
				INFOPLIST_FILE = Sously/Resources/Info.plist;
				LD_RUNPATH_SEARCH_PATHS = (
					"$(inherited)",
					"@executable_path/Frameworks",
				);
				PRODUCT_BUNDLE_IDENTIFIER = com.sously.app;
				SDKROOT = iphoneos;
				SWIFT_STRICT_CONCURRENCY = complete;
				TARGETED_DEVICE_FAMILY = "1,2";
			};
			name = Debug;
		};
		DC5D6A10B578AC9BE0EDFBF6 /* Release */ = {
			isa = XCBuildConfiguration;
			buildSettings = {
				ALWAYS_SEARCH_USER_PATHS = NO;
				CLANG_ANALYZER_NONNULL = YES;
				CLANG_ANALYZER_NUMBER_OBJECT_CONVERSION = YES_AGGRESSIVE;
				CLANG_CXX_LANGUAGE_STANDARD = "gnu++14";
				CLANG_CXX_LIBRARY = "libc++";
				CLANG_ENABLE_MODULES = YES;
				CLANG_ENABLE_OBJC_ARC = YES;
				CLANG_ENABLE_OBJC_WEAK = YES;
				CLANG_WARN_BLOCK_CAPTURE_AUTORELEASING = YES;
				CLANG_WARN_BOOL_CONVERSION = YES;
				CLANG_WARN_COMMA = YES;
				CLANG_WARN_CONSTANT_CONVERSION = YES;
				CLANG_WARN_DEPRECATED_OBJC_IMPLEMENTATIONS = YES;
				CLANG_WARN_DIRECT_OBJC_ISA_USAGE = YES_ERROR;
				CLANG_WARN_DOCUMENTATION_COMMENTS = YES;
				CLANG_WARN_EMPTY_BODY = YES;
				CLANG_WARN_ENUM_CONVERSION = YES;
				CLANG_WARN_INFINITE_RECURSION = YES;
				CLANG_WARN_INT_CONVERSION = YES;
				CLANG_WARN_NON_LITERAL_NULL_CONVERSION = YES;
				CLANG_WARN_OBJC_IMPLICIT_RETAIN_SELF = YES;
				CLANG_WARN_OBJC_LITERAL_CONVERSION = YES;
				CLANG_WARN_OBJC_ROOT_CLASS = YES_ERROR;
				CLANG_WARN_QUOTED_INCLUDE_IN_FRAMEWORK_HEADER = YES;
				CLANG_WARN_RANGE_LOOP_ANALYSIS = YES;
				CLANG_WARN_STRICT_PROTOTYPES = YES;
				CLANG_WARN_SUSPICIOUS_MOVE = YES;
				CLANG_WARN_UNGUARDED_AVAILABILITY = YES_AGGRESSIVE;
				CLANG_WARN_UNREACHABLE_CODE = YES;
				CLANG_WARN__DUPLICATE_METHOD_MATCH = YES;
				CODE_SIGN_STYLE = Automatic;
				COPY_PHASE_STRIP = NO;
				CURRENT_PROJECT_VERSION = 1;
				DEBUG_INFORMATION_FORMAT = "dwarf-with-dsym";
				DERIVE_MACCATALYST_PRODUCT_BUNDLE_IDENTIFIER = NO;
				DEVELOPMENT_TEAM = "";
				ENABLE_NS_ASSERTIONS = NO;
				ENABLE_PREVIEWS = YES;
				ENABLE_STRICT_OBJC_MSGSEND = YES;
				GCC_C_LANGUAGE_STANDARD = gnu11;
				GCC_NO_COMMON_BLOCKS = YES;
				GCC_WARN_64_TO_32_BIT_CONVERSION = YES;
				GCC_WARN_ABOUT_RETURN_TYPE = YES_ERROR;
				GCC_WARN_UNDECLARED_SELECTOR = YES;
				GCC_WARN_UNINITIALIZED_AUTOS = YES_AGGRESSIVE;
				GCC_WARN_UNUSED_FUNCTION = YES;
				GCC_WARN_UNUSED_VARIABLE = YES;
				IPHONEOS_DEPLOYMENT_TARGET = 17.0;
				MACCATALYST_DEPLOYMENT_TARGET = 14.0;
				MARKETING_VERSION = 1.0.0;
				MTL_ENABLE_DEBUG_INFO = NO;
				MTL_FAST_MATH = YES;
				PRODUCT_NAME = "$(TARGET_NAME)";
				SDKROOT = iphoneos;
				SUPPORTS_MACCATALYST = YES;
				SWIFT_COMPILATION_MODE = wholemodule;
				SWIFT_OPTIMIZATION_LEVEL = "-O";
				SWIFT_VERSION = 5.0;
				TARGETED_DEVICE_FAMILY = "1,2";
			};
			name = Release;
		};
		ED8261FDEE517FA1B2BBC7E9 /* Release */ = {
			isa = XCBuildConfiguration;
			buildSettings = {
				BUNDLE_LOADER = "$(TEST_HOST)";
				GENERATE_INFOPLIST_FILE = YES;
				LD_RUNPATH_SEARCH_PATHS = (
					"$(inherited)",
					"@executable_path/Frameworks",
					"@loader_path/Frameworks",
				);
				PRODUCT_BUNDLE_IDENTIFIER = com.sously.app.tests;
				SDKROOT = iphoneos;
				TARGETED_DEVICE_FAMILY = "1,2";
				TEST_HOST = "$(BUILT_PRODUCTS_DIR)/Sously.app/Sously";
			};
			name = Release;
		};
		F6FEE57380F3F713DEAD59C1 /* Release */ = {
			isa = XCBuildConfiguration;
			buildSettings = {
				ASSETCATALOG_COMPILER_APPICON_NAME = AppIcon;
				CODE_SIGN_ENTITLEMENTS = Sously/Resources/Sously.entitlements;
				CODE_SIGN_IDENTITY = "iPhone Developer";
				DEVELOPMENT_TEAM = J7MM7A8SK8;
				GENERATE_INFOPLIST_FILE = NO;
				INFOPLIST_FILE = Sously/Resources/Info.plist;
				LD_RUNPATH_SEARCH_PATHS = (
					"$(inherited)",
					"@executable_path/Frameworks",
				);
				PRODUCT_BUNDLE_IDENTIFIER = com.sously.app;
				SDKROOT = iphoneos;
				SWIFT_STRICT_CONCURRENCY = complete;
				TARGETED_DEVICE_FAMILY = "1,2";
			};
			name = Release;
		};
		FE989B81EF9AD217236583D5 /* Debug */ = {
			isa = XCBuildConfiguration;
			buildSettings = {
				BUNDLE_LOADER = "$(TEST_HOST)";
				GENERATE_INFOPLIST_FILE = YES;
				LD_RUNPATH_SEARCH_PATHS = (
					"$(inherited)",
					"@executable_path/Frameworks",
					"@loader_path/Frameworks",
				);
				PRODUCT_BUNDLE_IDENTIFIER = com.sously.app.tests;
				SDKROOT = iphoneos;
				TARGETED_DEVICE_FAMILY = "1,2";
				TEST_HOST = "$(BUILT_PRODUCTS_DIR)/Sously.app/Sously";
			};
			name = Debug;
		};
/* End XCBuildConfiguration section */

/* Begin XCConfigurationList section */
		4E0FC105F43AFB924C5ADBB2 /* Build configuration list for PBXProject "Sously" */ = {
			isa = XCConfigurationList;
			buildConfigurations = (
				B9E5CDAC4B37CDF947EC4DBC /* Debug */,
				DC5D6A10B578AC9BE0EDFBF6 /* Release */,
			);
			defaultConfigurationIsVisible = 0;
			defaultConfigurationName = Debug;
		};
		BF306B45A72874F464FCCEF5 /* Build configuration list for PBXNativeTarget "Sously" */ = {
			isa = XCConfigurationList;
			buildConfigurations = (
				D25AE49137F6F0E31CF20093 /* Debug */,
				F6FEE57380F3F713DEAD59C1 /* Release */,
			);
			defaultConfigurationIsVisible = 0;
			defaultConfigurationName = Debug;
		};
		E06D3F39EDD4C4FDB8F18942 /* Build configuration list for PBXNativeTarget "SouslyTests" */ = {
			isa = XCConfigurationList;
			buildConfigurations = (
				FE989B81EF9AD217236583D5 /* Debug */,
				ED8261FDEE517FA1B2BBC7E9 /* Release */,
			);
			defaultConfigurationIsVisible = 0;
			defaultConfigurationName = Debug;
		};
		FBE2DF47B40C14458ACF8918 /* Build configuration list for PBXNativeTarget "SouslyUITests" */ = {
			isa = XCConfigurationList;
			buildConfigurations = (
				783810770239F0EBA960CDAA /* Debug */,
				671FEAC7DDB542BD6D5A9055 /* Release */,
			);
			defaultConfigurationIsVisible = 0;
			defaultConfigurationName = Debug;
		};
/* End XCConfigurationList section */

/* Begin XCVersionGroup section */
		DB5BC9B5ED747E27C064A41C /* Sously.xcdatamodeld */ = {
			isa = XCVersionGroup;
			children = (
				37F3AAA4464998925B828662 /* Sously.xcdatamodel */,
			);
			currentVersion = 37F3AAA4464998925B828662 /* Sously.xcdatamodel */;
			path = Sously.xcdatamodeld;
			sourceTree = "<group>";
			versionGroupType = wrapper.xcdatamodel;
		};
/* End XCVersionGroup section */
	};
	rootObject = 4D287C727C9DA2C60B7BCEC3 /* Project object */;
}
